
Microsoft Visual Studio Solution File, Format Version 12.00
# Visual Studio Version 17
VisualStudioVersion = 17.2.32630.192
MinimumVisualStudioVersion = 10.0.40219.1
Project("{FAE04EC0-301F-11D3-BF4B-00C04F79EFBC}") = "Projekt", "Projekt\Projekt.csproj", "{F7D41423-B3B7-468A-879A-22DF0EB5A710}"
EndProject
Global
	GlobalSection(SolutionConfigurationPlatforms) = preSolution
		Debug|Any CPU = Debug|Any CPU
		Release|Any CPU = Release|Any CPU
	EndGlobalSection
	GlobalSection(ProjectConfigurationPlatforms) = postSolution
		{F7D41423-B3B7-468A-879A-22DF0EB5A710}.Debug|Any CPU.ActiveCfg = Debug|Any CPU
		{F7D41423-B3B7-468A-879A-22DF0EB5A710}.Debug|Any CPU.Build.0 = Debug|Any CPU
		{F7D41423-B3B7-468A-879A-22DF0EB5A710}.Release|Any CPU.ActiveCfg = Release|Any CPU
		{F7D41423-B3B7-468A-879A-22DF0EB5A710}.Release|Any CPU.Build.0 = Release|Any CPU
	EndGlobalSection
	GlobalSection(SolutionProperties) = preSolution
		HideSolutionNode = FALSE
	EndGlobalSection
	GlobalSection(ExtensibilityGlobals) = postSolution
		SolutionGuid = {99D47229-1710-48FC-8F0E-46616FC421E1}
	EndGlobalSection
EndGlobal
